# THIS IS AN AUTOGENERATED FILE. DO NOT EDIT THIS FILE DIRECTLY.
# yarn lockfile v1


"@xmldom/xmldom@^0.9.8":
  version "0.9.8"
  resolved "https://registry.yarnpkg.com/@xmldom/xmldom/-/xmldom-0.9.8.tgz#1471e82bdff9e8f20ee8bbe60d4ffa8a516e78d8"
  integrity sha512-p96FSY54r+WJ50FIOsCOjyj/wavs8921hG5+kVMmZgKcvIKxMXHTrjNJvRgWa/zuX3B6t2lijLNFaOyuxUH+2A==

docxtemplater-image-module-free@^1.1.1:
  version "1.1.1"
  resolved "https://registry.yarnpkg.com/docxtemplater-image-module-free/-/docxtemplater-image-module-free-1.1.1.tgz#a7f12125c791624759c4d468412f8cf44c539392"
  integrity sha512-aWOzVQN7ggDYjfoy3pTTNrcrZ7/CJrQcI9cT+hmyHE6nRLR67nt5yPFPe9hm9VWbfYIED2fi+3itOnF0TE/RWQ==
  dependencies:
    xmldom "^0.1.27"

docxtemplater@^3.65.2:
  version "3.65.2"
  resolved "https://registry.yarnpkg.com/docxtemplater/-/docxtemplater-3.65.2.tgz#77a0db9c42e71d16178602fb41ba352b8b39accf"
  integrity sha512-aDE2D0ir+4K1nruSFtIBbLE4vxyvB/qLNVVlXjVjtI6an4z2Qe5BprxusFsDRH8j6FCz3aXe6qxi3O+cGHnq+Q==
  dependencies:
    "@xmldom/xmldom" "^0.9.8"

file-saver@^2.0.5:
  version "2.0.5"
  resolved "https://registry.yarnpkg.com/file-saver/-/file-saver-2.0.5.tgz#d61cfe2ce059f414d899e9dd6d4107ee25670c38"
  integrity sha512-P9bmyZ3h/PRG+Nzga+rbdI4OEpNDzAVyy74uVO9ATgzLK6VtAsYybF/+TOCvrc0MO793d6+42lLyZTw7/ArVzA==

pako@^2.1.0:
  version "2.1.0"
  resolved "https://registry.yarnpkg.com/pako/-/pako-2.1.0.tgz#266cc37f98c7d883545d11335c00fbd4062c9a86"
  integrity sha512-w+eufiZ1WuJYgPXbV/PO3NCMEc3xqylkKHzp8bxp1uW4qaSNQUkwmLLEc3kKsfz8lpV1F8Ht3U1Cm+9Srog2ug==

pizzip@^3.2.0:
  version "3.2.0"
  resolved "https://registry.yarnpkg.com/pizzip/-/pizzip-3.2.0.tgz#033daeada94d862fc354a2222130ea91e8792615"
  integrity sha512-X4NPNICxCfIK8VYhF6wbksn81vTiziyLbvKuORVAmolvnUzl1A1xmz9DAWKxPRq9lZg84pJOOAMq3OE61bD8IQ==
  dependencies:
    pako "^2.1.0"

xmldom@^0.1.27:
  version "0.1.31"
  resolved "https://registry.yarnpkg.com/xmldom/-/xmldom-0.1.31.tgz#b76c9a1bd9f0a9737e5a72dc37231cf38375e2ff"
  integrity sha512-yS2uJflVQs6n+CyjHoaBmVSqIDevTAWrzMmjG1Gc7h1qQ7uVozNhEPJAwZXWyGQ/Gafo3fCwrcaokezLPupVyQ==
